
Microsoft Visual Studio Solution File, Format Version 12.00
# Visual Studio 15
VisualStudioVersion = 15.0.28307.572
MinimumVisualStudioVersion = 10.0.40219.1
Project("{FAE04EC0-301F-11D3-BF4B-00C04F79EFBC}") = "OMS", "OMS\OMS.csproj", "{D4385F02-618A-4272-9A8E-619BE2F0A8CD}"
EndProject
Global
	GlobalSection(SolutionConfigurationPlatforms) = preSolution
		Debug|Any CPU = Debug|Any CPU
		Release|Any CPU = Release|Any CPU
	EndGlobalSection
	GlobalSection(ProjectConfigurationPlatforms) = postSolution
		{D4385F02-618A-4272-9A8E-619BE2F0A8CD}.Debug|Any CPU.ActiveCfg = Debug|Any CPU
		{D4385F02-618A-4272-9A8E-619BE2F0A8CD}.Debug|Any CPU.Build.0 = Debug|Any CPU
		{D4385F02-618A-4272-9A8E-619BE2F0A8CD}.Release|Any CPU.ActiveCfg = Release|Any CPU
		{D4385F02-618A-4272-9A8E-619BE2F0A8CD}.Release|Any CPU.Build.0 = Release|Any CPU
	EndGlobalSection
	GlobalSection(SolutionProperties) = preSolution
		HideSolutionNode = FALSE
	EndGlobalSection
	GlobalSection(ExtensibilityGlobals) = postSolution
		SolutionGuid = {170F73CF-9DA2-4F10-B6B4-FC5C3B73BDFF}
	EndGlobalSection
EndGlobal
